
Microsoft Visual Studio Solution File, Format Version 12.00
# Visual Studio Version 16
VisualStudioVersion = 16.0.30320.27
MinimumVisualStudioVersion = 10.0.40219.1
Project("{9A19103F-16F7-4668-BE54-9A1E7A4F7556}") = "CursoMVC", "CursoMVC\CursoMVC.csproj", "{7FFFA777-C489-4AE3-98A7-2FB1A78C8131}"
EndProject
Project("{FAE04EC0-301F-11D3-BF4B-00C04F79EFBC}") = "CursoAPI", "CursoAPI\CursoAPI.csproj", "{CD85B037-C4D0-487A-AB4F-841D664C3F84}"
EndProject
Project("{FAE04EC0-301F-11D3-BF4B-00C04F79EFBC}") = "CursoTest", "CursoTest\CursoTest.csproj", "{9A10895C-1D15-4C6C-BC28-3AF7A6004BC6}"
EndProject
Global
	GlobalSection(SolutionConfigurationPlatforms) = preSolution
		Debug|Any CPU = Debug|Any CPU
		Release|Any CPU = Release|Any CPU
	EndGlobalSection
	GlobalSection(ProjectConfigurationPlatforms) = postSolution
		{7FFFA777-C489-4AE3-98A7-2FB1A78C8131}.Debug|Any CPU.ActiveCfg = Debug|Any CPU
		{7FFFA777-C489-4AE3-98A7-2FB1A78C8131}.Debug|Any CPU.Build.0 = Debug|Any CPU
		{7FFFA777-C489-4AE3-98A7-2FB1A78C8131}.Release|Any CPU.ActiveCfg = Release|Any CPU
		{7FFFA777-C489-4AE3-98A7-2FB1A78C8131}.Release|Any CPU.Build.0 = Release|Any CPU
		{CD85B037-C4D0-487A-AB4F-841D664C3F84}.Debug|Any CPU.ActiveCfg = Debug|Any CPU
		{CD85B037-C4D0-487A-AB4F-841D664C3F84}.Debug|Any CPU.Build.0 = Debug|Any CPU
		{CD85B037-C4D0-487A-AB4F-841D664C3F84}.Release|Any CPU.ActiveCfg = Release|Any CPU
		{CD85B037-C4D0-487A-AB4F-841D664C3F84}.Release|Any CPU.Build.0 = Release|Any CPU
		{9A10895C-1D15-4C6C-BC28-3AF7A6004BC6}.Debug|Any CPU.ActiveCfg = Debug|Any CPU
		{9A10895C-1D15-4C6C-BC28-3AF7A6004BC6}.Debug|Any CPU.Build.0 = Debug|Any CPU
		{9A10895C-1D15-4C6C-BC28-3AF7A6004BC6}.Release|Any CPU.ActiveCfg = Release|Any CPU
		{9A10895C-1D15-4C6C-BC28-3AF7A6004BC6}.Release|Any CPU.Build.0 = Release|Any CPU
	EndGlobalSection
	GlobalSection(SolutionProperties) = preSolution
		HideSolutionNode = FALSE
	EndGlobalSection
	GlobalSection(ExtensibilityGlobals) = postSolution
		SolutionGuid = {99E6D0CD-49B2-4E50-92A2-05C7BEEBC756}
	EndGlobalSection
EndGlobal
